
Microsoft Visual Studio Solution File, Format Version 12.00
# Visual Studio Version 17
VisualStudioVersion = 17.3.32901.215
MinimumVisualStudioVersion = 10.0.40219.1
Project("{8BC9CEB8-8B4A-11D0-8D11-00A0C91BC942}") = "20230329-4", "20230329-4\20230329-4.vcxproj", "{52D78FF8-EE9E-46E1-A08F-252D9F01D7E4}"
EndProject
Global
	GlobalSection(SolutionConfigurationPlatforms) = preSolution
		Debug|x64 = Debug|x64
		Debug|x86 = Debug|x86
		Release|x64 = Release|x64
		Release|x86 = Release|x86
	EndGlobalSection
	GlobalSection(ProjectConfigurationPlatforms) = postSolution
		{52D78FF8-EE9E-46E1-A08F-252D9F01D7E4}.Debug|x64.ActiveCfg = Debug|x64
		{52D78FF8-EE9E-46E1-A08F-252D9F01D7E4}.Debug|x64.Build.0 = Debug|x64
		{52D78FF8-EE9E-46E1-A08F-252D9F01D7E4}.Debug|x86.ActiveCfg = Debug|Win32
		{52D78FF8-EE9E-46E1-A08F-252D9F01D7E4}.Debug|x86.Build.0 = Debug|Win32
		{52D78FF8-EE9E-46E1-A08F-252D9F01D7E4}.Release|x64.ActiveCfg = Release|x64
		{52D78FF8-EE9E-46E1-A08F-252D9F01D7E4}.Release|x64.Build.0 = Release|x64
		{52D78FF8-EE9E-46E1-A08F-252D9F01D7E4}.Release|x86.ActiveCfg = Release|Win32
		{52D78FF8-EE9E-46E1-A08F-252D9F01D7E4}.Release|x86.Build.0 = Release|Win32
	EndGlobalSection
	GlobalSection(SolutionProperties) = preSolution
		HideSolutionNode = FALSE
	EndGlobalSection
	GlobalSection(ExtensibilityGlobals) = postSolution
		SolutionGuid = {4EDB8ACA-5BB6-4C69-BE96-5A549AF70E73}
	EndGlobalSection
EndGlobal
